// !$*UTF8*$!
{
	archiveVersion = 1;
	classes = {
	};
	objectVersion = 46;
	objects = {

/* Begin PBXBuildFile section */
		D44FADE61F6AFCFA00A7ED14 /* AppDelegate.swift in Sources */ = {isa = PBXBuildFile; fileRef = D44FADE51F6AFCFA00A7ED14 /* AppDelegate.swift */; };
		D44FADE81F6AFCFA00A7ED14 /* ViewController.swift in Sources */ = {isa = PBXBuildFile; fileRef = D44FADE71F6AFCFA00A7ED14 /* ViewController.swift */; };
		D44FADEB1F6AFCFA00A7ED14 /* Main.storyboard in Resources */ = {isa = PBXBuildFile; fileRef = D44FADE91F6AFCFA00A7ED14 /* Main.storyboard */; };
		D44FADED1F6AFCFA00A7ED14 /* Assets.xcassets in Resources */ = {isa = PBXBuildFile; fileRef = D44FADEC1F6AFCFA00A7ED14 /* Assets.xcassets */; };
		D44FADF01F6AFCFA00A7ED14 /* LaunchScreen.storyboard in Resources */ = {isa = PBXBuildFile; fileRef = D44FADEE1F6AFCFA00A7ED14 /* LaunchScreen.storyboard */; };
		D44FADF91F6AFDFE00A7ED14 /* CoreLocation.framework in Frameworks */ = {isa = PBXBuildFile; fileRef = D44FADF81F6AFDFE00A7ED14 /* CoreLocation.framework */; };
/* End PBXBuildFile section */

/* Begin PBXFileReference section */
		D44FADE21F6AFCF900A7ED14 /* Location Aware.app */ = {isa = PBXFileReference; explicitFileType = wrapper.application; includeInIndex = 0; path = "Location Aware.app"; sourceTree = BUILT_PRODUCTS_DIR; };
		D44FADE51F6AFCFA00A7ED14 /* AppDelegate.swift */ = {isa = PBXFileReference; lastKnownFileType = sourcecode.swift; path = AppDelegate.swift; sourceTree = "<group>"; };
		D44FADE71F6AFCFA00A7ED14 /* ViewController.swift */ = {isa = PBXFileReference; lastKnownFileType = sourcecode.swift; path = ViewController.swift; sourceTree = "<group>"; };
		D44FADEA1F6AFCFA00A7ED14 /* Base */ = {isa = PBXFileReference; lastKnownFileType = file.storyboard; name = Base; path = Base.lproj/Main.storyboard; sourceTree = "<group>"; };
		D44FADEC1F6AFCFA00A7ED14 /* Assets.xcassets */ = {isa = PBXFileReference; lastKnownFileType = folder.assetcatalog; path = Assets.xcassets; sourceTree = "<group>"; };
		D44FADEF1F6AFCFA00A7ED14 /* Base */ = {isa = PBXFileReference; lastKnownFileType = file.storyboard; name = Base; path = Base.lproj/LaunchScreen.storyboard; sourceTree = "<group>"; };
		D44FADF11F6AFCFA00A7ED14 /* Info.plist */ = {isa = PBXFileReference; lastKnownFileType = text.plist.xml; path = Info.plist; sourceTree = "<group>"; };
		D44FADF81F6AFDFE00A7ED14 /* CoreLocation.framework */ = {isa = PBXFileReference; lastKnownFileType = wrapper.framework; name = CoreLocation.framework; path = System/Library/Frameworks/CoreLocation.framework; sourceTree = SDKROOT; };
/* End PBXFileReference section */

/* Begin PBXFrameworksBuildPhase section */
		D44FADDF1F6AFCF900A7ED14 /* Frameworks */ = {
			isa = PBXFrameworksBuildPhase;
			buildActionMask = 2147483647;
			files = (
				D44FADF91F6AFDFE00A7ED14 /* CoreLocation.framework in Frameworks */,
			);
			runOnlyForDeploymentPostprocessing = 0;
		};
/* End PBXFrameworksBuildPhase section */

/* Begin PBXGroup section */
		D44FADD91F6AFCF900A7ED14 = {
			isa = PBXGroup;
			children = (
				D44FADE41F6AFCF900A7ED14 /* Location Aware */,
				D44FADE31F6AFCF900A7ED14 /* Products */,
				D44FADF71F6AFDFE00A7ED14 /* Frameworks */,
			);
			sourceTree = "<group>";
		};
		D44FADE31F6AFCF900A7ED14 /* Products */ = {
			isa = PBXGroup;
			children = (
				D44FADE21F6AFCF900A7ED14 /* Location Aware.app */,
			);
			name = Products;
			sourceTree = "<group>";
		};
		D44FADE41F6AFCF900A7ED14 /* Location Aware */ = {
			isa = PBXGroup;
			children = (
				D44FADE51F6AFCFA00A7ED14 /* AppDelegate.swift */,
				D44FADE71F6AFCFA00A7ED14 /* ViewController.swift */,
				D44FADE91F6AFCFA00A7ED14 /* Main.storyboard */,
				D44FADEC1F6AFCFA00A7ED14 /* Assets.xcassets */,
				D44FADEE1F6AFCFA00A7ED14 /* LaunchScreen.storyboard */,
				D44FADF11F6AFCFA00A7ED14 /* Info.plist */,
			);
			path = "Location Aware";
			sourceTree = "<group>";
		};
		D44FADF71F6AFDFE00A7ED14 /* Frameworks */ = {
			isa = PBXGroup;
			children = (
				D44FADF81F6AFDFE00A7ED14 /* CoreLocation.framework */,
			);
			name = Frameworks;
			sourceTree = "<group>";
		};
/* End PBXGroup section */

/* Begin PBXNativeTarget section */
		D44FADE11F6AFCF900A7ED14 /* Location Aware */ = {
			isa = PBXNativeTarget;
			buildConfigurationList = D44FADF41F6AFCFA00A7ED14 /* Build configuration list for PBXNativeTarget "Location Aware" */;
			buildPhases = (
				D44FADDE1F6AFCF900A7ED14 /* Sources */,
				D44FADDF1F6AFCF900A7ED14 /* Frameworks */,
				D44FADE01F6AFCF900A7ED14 /* Resources */,
			);
			buildRules = (
			);
			dependencies = (
			);
			name = "Location Aware";
			productName = "Location Aware";
			productReference = D44FADE21F6AFCF900A7ED14 /* Location Aware.app */;
			productType = "com.apple.product-type.application";
		};
/* End PBXNativeTarget section */

/* Begin PBXProject section */
		D44FADDA1F6AFCF900A7ED14 /* Project object */ = {
			isa = PBXProject;
			attributes = {
				LastSwiftUpdateCheck = 0830;
				LastUpgradeCheck = 0830;
				ORGANIZATIONNAME = Inotec;
				TargetAttributes = {
					D44FADE11F6AFCF900A7ED14 = {
						CreatedOnToolsVersion = 8.3.3;
						ProvisioningStyle = Automatic;
					};
				};
			};
			buildConfigurationList = D44FADDD1F6AFCF900A7ED14 /* Build configuration list for PBXProject "Location Aware" */;
			compatibilityVersion = "Xcode 3.2";
			developmentRegion = English;
			hasScannedForEncodings = 0;
			knownRegions = (
				en,
				Base,
			);
			mainGroup = D44FADD91F6AFCF900A7ED14;
			productRefGroup = D44FADE31F6AFCF900A7ED14 /* Products */;
			projectDirPath = "";
			projectRoot = "";
			targets = (
				D44FADE11F6AFCF900A7ED14 /* Location Aware */,
			);
		};
/* End PBXProject section */

/* Begin PBXResourcesBuildPhase section */
		D44FADE01F6AFCF900A7ED14 /* Resources */ = {
			isa = PBXResourcesBuildPhase;
			buildActionMask = 2147483647;
			files = (
				D44FADF01F6AFCFA00A7ED14 /* LaunchScreen.storyboard in Resources */,
				D44FADED1F6AFCFA00A7ED14 /* Assets.xcassets in Resources */,
				D44FADEB1F6AFCFA00A7ED14 /* Main.storyboard in Resources */,
			);
			runOnlyForDeploymentPostprocessing = 0;
		};
/* End PBXResourcesBuildPhase section */

/* Begin PBXSourcesBuildPhase section */
		D44FADDE1F6AFCF900A7ED14 /* Sources */ = {
			isa = PBXSourcesBuildPhase;
			buildActionMask = 2147483647;
			files = (
				D44FADE81F6AFCFA00A7ED14 /* ViewController.swift in Sources */,
				D44FADE61F6AFCFA00A7ED14 /* AppDelegate.swift in Sources */,
			);
			runOnlyForDeploymentPostprocessing = 0;
		};
/* End PBXSourcesBuildPhase section */

/* Begin PBXVariantGroup section */
		D44FADE91F6AFCFA00A7ED14 /* Main.storyboard */ = {
			isa = PBXVariantGroup;
			children = (
				D44FADEA1F6AFCFA00A7ED14 /* Base */,
			);
			name = Main.storyboard;
			sourceTree = "<group>";
		};
		D44FADEE1F6AFCFA00A7ED14 /* LaunchScreen.storyboard */ = {
			isa = PBXVariantGroup;
			children = (
				D44FADEF1F6AFCFA00A7ED14 /* Base */,
			);
			name = LaunchScreen.storyboard;
			sourceTree = "<group>";
		};
/* End PBXVariantGroup section */

/* Begin XCBuildConfiguration section */
		D44FADF21F6AFCFA00A7ED14 /* Debug */ = {
			isa = XCBuildConfiguration;
			buildSettings = {
				ALWAYS_SEARCH_USER_PATHS = NO;
				CLANG_ANALYZER_NONNULL = YES;
				CLANG_ANALYZER_NUMBER_OBJECT_CONVERSION = YES_AGGRESSIVE;
				CLANG_CXX_LANGUAGE_STANDARD = "gnu++0x";
				CLANG_CXX_LIBRARY = "libc++";
				CLANG_ENABLE_MODULES = YES;
				CLANG_ENABLE_OBJC_ARC = YES;
				CLANG_WARN_BOOL_CONVERSION = YES;
				CLANG_WARN_CONSTANT_CONVERSION = YES;
				CLANG_WARN_DIRECT_OBJC_ISA_USAGE = YES_ERROR;
				CLANG_WARN_DOCUMENTATION_COMMENTS = YES;
				CLANG_WARN_EMPTY_BODY = YES;
				CLANG_WARN_ENUM_CONVERSION = YES;
				CLANG_WARN_INFINITE_RECURSION = YES;
				CLANG_WARN_INT_CONVERSION = YES;
				CLANG_WARN_OBJC_ROOT_CLASS = YES_ERROR;
				CLANG_WARN_SUSPICIOUS_MOVE = YES;
				CLANG_WARN_UNREACHABLE_CODE = YES;
				CLANG_WARN__DUPLICATE_METHOD_MATCH = YES;
				"CODE_SIGN_IDENTITY[sdk=iphoneos*]" = "iPhone Developer";
				COPY_PHASE_STRIP = NO;
				DEBUG_INFORMATION_FORMAT = dwarf;
				ENABLE_STRICT_OBJC_MSGSEND = YES;
				ENABLE_TESTABILITY = YES;
				GCC_C_LANGUAGE_STANDARD = gnu99;
				GCC_DYNAMIC_NO_PIC = NO;
				GCC_NO_COMMON_BLOCKS = YES;
				GCC_OPTIMIZATION_LEVEL = 0;
				GCC_PREPROCESSOR_DEFINITIONS = (
					"DEBUG=1",
					"$(inherited)",
				);
				GCC_WARN_64_TO_32_BIT_CONVERSION = YES;
				GCC_WARN_ABOUT_RETURN_TYPE = YES_ERROR;
				GCC_WARN_UNDECLARED_SELECTOR = YES;
				GCC_WARN_UNINITIALIZED_AUTOS = YES_AGGRESSIVE;
				GCC_WARN_UNUSED_FUNCTION = YES;
				GCC_WARN_UNUSED_VARIABLE = YES;
				IPHONEOS_DEPLOYMENT_TARGET = 10.3;
				MTL_ENABLE_DEBUG_INFO = YES;
				ONLY_ACTIVE_ARCH = YES;
				SDKROOT = iphoneos;
				SWIFT_ACTIVE_COMPILATION_CONDITIONS = DEBUG;
				SWIFT_OPTIMIZATION_LEVEL = "-Onone";
			};
			name = Debug;
		};
		D44FADF31F6AFCFA00A7ED14 /* Release */ = {
			isa = XCBuildConfiguration;
			buildSettings = {
				ALWAYS_SEARCH_USER_PATHS = NO;
				CLANG_ANALYZER_NONNULL = YES;
				CLANG_ANALYZER_NUMBER_OBJECT_CONVERSION = YES_AGGRESSIVE;
				CLANG_CXX_LANGUAGE_STANDARD = "gnu++0x";
				CLANG_CXX_LIBRARY = "libc++";
				CLANG_ENABLE_MODULES = YES;
				CLANG_ENABLE_OBJC_ARC = YES;
				CLANG_WARN_BOOL_CONVERSION = YES;
				CLANG_WARN_CONSTANT_CONVERSION = YES;
				CLANG_WARN_DIRECT_OBJC_ISA_USAGE = YES_ERROR;
				CLANG_WARN_DOCUMENTATION_COMMENTS = YES;
				CLANG_WARN_EMPTY_BODY = YES;
				CLANG_WARN_ENUM_CONVERSION = YES;
				CLANG_WARN_INFINITE_RECURSION = YES;
				CLANG_WARN_INT_CONVERSION = YES;
				CLANG_WARN_OBJC_ROOT_CLASS = YES_ERROR;
				CLANG_WARN_SUSPICIOUS_MOVE = YES;
				CLANG_WARN_UNREACHABLE_CODE = YES;
				CLANG_WARN__DUPLICATE_METHOD_MATCH = YES;
				"CODE_SIGN_IDENTITY[sdk=iphoneos*]" = "iPhone Developer";
				COPY_PHASE_STRIP = NO;
				DEBUG_INFORMATION_FORMAT = "dwarf-with-dsym";
				ENABLE_NS_ASSERTIONS = NO;
				ENABLE_STRICT_OBJC_MSGSEND = YES;
				GCC_C_LANGUAGE_STANDARD = gnu99;
				GCC_NO_COMMON_BLOCKS = YES;
				GCC_WARN_64_TO_32_BIT_CONVERSION = YES;
				GCC_WARN_ABOUT_RETURN_TYPE = YES_ERROR;
				GCC_WARN_UNDECLARED_SELECTOR = YES;
				GCC_WARN_UNINITIALIZED_AUTOS = YES_AGGRESSIVE;
				GCC_WARN_UNUSED_FUNCTION = YES;
				GCC_WARN_UNUSED_VARIABLE = YES;
				IPHONEOS_DEPLOYMENT_TARGET = 10.3;
				MTL_ENABLE_DEBUG_INFO = NO;
				SDKROOT = iphoneos;
				SWIFT_OPTIMIZATION_LEVEL = "-Owholemodule";
				VALIDATE_PRODUCT = YES;
			};
			name = Release;
		};
		D44FADF51F6AFCFA00A7ED14 /* Debug */ = {
			isa = XCBuildConfiguration;
			buildSettings = {
				ASSETCATALOG_COMPILER_APPICON_NAME = AppIcon;
				INFOPLIST_FILE = "Location Aware/Info.plist";
				LD_RUNPATH_SEARCH_PATHS = "$(inherited) @executable_path/Frameworks";
				PRODUCT_BUNDLE_IDENTIFIER = "com.inotecinc.Location-Aware";
				PRODUCT_NAME = "$(TARGET_NAME)";
				SWIFT_VERSION = 3.0;
			};
			name = Debug;
		};
		D44FADF61F6AFCFA00A7ED14 /* Release */ = {
			isa = XCBuildConfiguration;
			buildSettings = {
				ASSETCATALOG_COMPILER_APPICON_NAME = AppIcon;
				INFOPLIST_FILE = "Location Aware/Info.plist";
				LD_RUNPATH_SEARCH_PATHS = "$(inherited) @executable_path/Frameworks";
				PRODUCT_BUNDLE_IDENTIFIER = "com.inotecinc.Location-Aware";
				PRODUCT_NAME = "$(TARGET_NAME)";
				SWIFT_VERSION = 3.0;
			};
			name = Release;
		};
/* End XCBuildConfiguration section */

/* Begin XCConfigurationList section */
		D44FADDD1F6AFCF900A7ED14 /* Build configuration list for PBXProject "Location Aware" */ = {
			isa = XCConfigurationList;
			buildConfigurations = (
				D44FADF21F6AFCFA00A7ED14 /* Debug */,
				D44FADF31F6AFCFA00A7ED14 /* Release */,
			);
			defaultConfigurationIsVisible = 0;
			defaultConfigurationName = Release;
		};
		D44FADF41F6AFCFA00A7ED14 /* Build configuration list for PBXNativeTarget "Location Aware" */ = {
			isa = XCConfigurationList;
			buildConfigurations = (
				D44FADF51F6AFCFA00A7ED14 /* Debug */,
				D44FADF61F6AFCFA00A7ED14 /* Release */,
			);
			defaultConfigurationIsVisible = 0;
		};
/* End XCConfigurationList section */
	};
	rootObject = D44FADDA1F6AFCF900A7ED14 /* Project object */;
}
