// !$*UTF8*$!
{
	archiveVersion = 1;
	classes = {
	};
	objectVersion = 46;
	objects = {

/* Begin PBXBuildFile section */
		D489DF661F630AB500C65EA4 /* AppDelegate.swift in Sources */ = {isa = PBXBuildFile; fileRef = D489DF651F630AB500C65EA4 /* AppDelegate.swift */; };
		D489DF681F630AB500C65EA4 /* ViewController.swift in Sources */ = {isa = PBXBuildFile; fileRef = D489DF671F630AB500C65EA4 /* ViewController.swift */; };
		D489DF6B1F630AB500C65EA4 /* Main.storyboard in Resources */ = {isa = PBXBuildFile; fileRef = D489DF691F630AB500C65EA4 /* Main.storyboard */; };
		D489DF6D1F630AB500C65EA4 /* Assets.xcassets in Resources */ = {isa = PBXBuildFile; fileRef = D489DF6C1F630AB500C65EA4 /* Assets.xcassets */; };
		D489DF701F630AB500C65EA4 /* LaunchScreen.storyboard in Resources */ = {isa = PBXBuildFile; fileRef = D489DF6E1F630AB500C65EA4 /* LaunchScreen.storyboard */; };
/* End PBXBuildFile section */

/* Begin PBXFileReference section */
		D489DF621F630AB500C65EA4 /* Permanent Data Storage.app */ = {isa = PBXFileReference; explicitFileType = wrapper.application; includeInIndex = 0; path = "Permanent Data Storage.app"; sourceTree = BUILT_PRODUCTS_DIR; };
		D489DF651F630AB500C65EA4 /* AppDelegate.swift */ = {isa = PBXFileReference; lastKnownFileType = sourcecode.swift; path = AppDelegate.swift; sourceTree = "<group>"; };
		D489DF671F630AB500C65EA4 /* ViewController.swift */ = {isa = PBXFileReference; lastKnownFileType = sourcecode.swift; path = ViewController.swift; sourceTree = "<group>"; };
		D489DF6A1F630AB500C65EA4 /* Base */ = {isa = PBXFileReference; lastKnownFileType = file.storyboard; name = Base; path = Base.lproj/Main.storyboard; sourceTree = "<group>"; };
		D489DF6C1F630AB500C65EA4 /* Assets.xcassets */ = {isa = PBXFileReference; lastKnownFileType = folder.assetcatalog; path = Assets.xcassets; sourceTree = "<group>"; };
		D489DF6F1F630AB500C65EA4 /* Base */ = {isa = PBXFileReference; lastKnownFileType = file.storyboard; name = Base; path = Base.lproj/LaunchScreen.storyboard; sourceTree = "<group>"; };
		D489DF711F630AB500C65EA4 /* Info.plist */ = {isa = PBXFileReference; lastKnownFileType = text.plist.xml; path = Info.plist; sourceTree = "<group>"; };
/* End PBXFileReference section */

/* Begin PBXFrameworksBuildPhase section */
		D489DF5F1F630AB500C65EA4 /* Frameworks */ = {
			isa = PBXFrameworksBuildPhase;
			buildActionMask = 2147483647;
			files = (
			);
			runOnlyForDeploymentPostprocessing = 0;
		};
/* End PBXFrameworksBuildPhase section */

/* Begin PBXGroup section */
		D489DF591F630AB500C65EA4 = {
			isa = PBXGroup;
			children = (
				D489DF641F630AB500C65EA4 /* Permanent Data Storage */,
				D489DF631F630AB500C65EA4 /* Products */,
			);
			sourceTree = "<group>";
		};
		D489DF631F630AB500C65EA4 /* Products */ = {
			isa = PBXGroup;
			children = (
				D489DF621F630AB500C65EA4 /* Permanent Data Storage.app */,
			);
			name = Products;
			sourceTree = "<group>";
		};
		D489DF641F630AB500C65EA4 /* Permanent Data Storage */ = {
			isa = PBXGroup;
			children = (
				D489DF651F630AB500C65EA4 /* AppDelegate.swift */,
				D489DF671F630AB500C65EA4 /* ViewController.swift */,
				D489DF691F630AB500C65EA4 /* Main.storyboard */,
				D489DF6C1F630AB500C65EA4 /* Assets.xcassets */,
				D489DF6E1F630AB500C65EA4 /* LaunchScreen.storyboard */,
				D489DF711F630AB500C65EA4 /* Info.plist */,
			);
			path = "Permanent Data Storage";
			sourceTree = "<group>";
		};
/* End PBXGroup section */

/* Begin PBXNativeTarget section */
		D489DF611F630AB500C65EA4 /* Permanent Data Storage */ = {
			isa = PBXNativeTarget;
			buildConfigurationList = D489DF741F630AB500C65EA4 /* Build configuration list for PBXNativeTarget "Permanent Data Storage" */;
			buildPhases = (
				D489DF5E1F630AB500C65EA4 /* Sources */,
				D489DF5F1F630AB500C65EA4 /* Frameworks */,
				D489DF601F630AB500C65EA4 /* Resources */,
			);
			buildRules = (
			);
			dependencies = (
			);
			name = "Permanent Data Storage";
			productName = "Permanent Data Storage";
			productReference = D489DF621F630AB500C65EA4 /* Permanent Data Storage.app */;
			productType = "com.apple.product-type.application";
		};
/* End PBXNativeTarget section */

/* Begin PBXProject section */
		D489DF5A1F630AB500C65EA4 /* Project object */ = {
			isa = PBXProject;
			attributes = {
				LastSwiftUpdateCheck = 0830;
				LastUpgradeCheck = 0830;
				ORGANIZATIONNAME = Inotec;
				TargetAttributes = {
					D489DF611F630AB500C65EA4 = {
						CreatedOnToolsVersion = 8.3.3;
						ProvisioningStyle = Automatic;
					};
				};
			};
			buildConfigurationList = D489DF5D1F630AB500C65EA4 /* Build configuration list for PBXProject "Permanent Data Storage" */;
			compatibilityVersion = "Xcode 3.2";
			developmentRegion = English;
			hasScannedForEncodings = 0;
			knownRegions = (
				en,
				Base,
			);
			mainGroup = D489DF591F630AB500C65EA4;
			productRefGroup = D489DF631F630AB500C65EA4 /* Products */;
			projectDirPath = "";
			projectRoot = "";
			targets = (
				D489DF611F630AB500C65EA4 /* Permanent Data Storage */,
			);
		};
/* End PBXProject section */

/* Begin PBXResourcesBuildPhase section */
		D489DF601F630AB500C65EA4 /* Resources */ = {
			isa = PBXResourcesBuildPhase;
			buildActionMask = 2147483647;
			files = (
				D489DF701F630AB500C65EA4 /* LaunchScreen.storyboard in Resources */,
				D489DF6D1F630AB500C65EA4 /* Assets.xcassets in Resources */,
				D489DF6B1F630AB500C65EA4 /* Main.storyboard in Resources */,
			);
			runOnlyForDeploymentPostprocessing = 0;
		};
/* End PBXResourcesBuildPhase section */

/* Begin PBXSourcesBuildPhase section */
		D489DF5E1F630AB500C65EA4 /* Sources */ = {
			isa = PBXSourcesBuildPhase;
			buildActionMask = 2147483647;
			files = (
				D489DF681F630AB500C65EA4 /* ViewController.swift in Sources */,
				D489DF661F630AB500C65EA4 /* AppDelegate.swift in Sources */,
			);
			runOnlyForDeploymentPostprocessing = 0;
		};
/* End PBXSourcesBuildPhase section */

/* Begin PBXVariantGroup section */
		D489DF691F630AB500C65EA4 /* Main.storyboard */ = {
			isa = PBXVariantGroup;
			children = (
				D489DF6A1F630AB500C65EA4 /* Base */,
			);
			name = Main.storyboard;
			sourceTree = "<group>";
		};
		D489DF6E1F630AB500C65EA4 /* LaunchScreen.storyboard */ = {
			isa = PBXVariantGroup;
			children = (
				D489DF6F1F630AB500C65EA4 /* Base */,
			);
			name = LaunchScreen.storyboard;
			sourceTree = "<group>";
		};
/* End PBXVariantGroup section */

/* Begin XCBuildConfiguration section */
		D489DF721F630AB500C65EA4 /* Debug */ = {
			isa = XCBuildConfiguration;
			buildSettings = {
				ALWAYS_SEARCH_USER_PATHS = NO;
				CLANG_ANALYZER_NONNULL = YES;
				CLANG_ANALYZER_NUMBER_OBJECT_CONVERSION = YES_AGGRESSIVE;
				CLANG_CXX_LANGUAGE_STANDARD = "gnu++0x";
				CLANG_CXX_LIBRARY = "libc++";
				CLANG_ENABLE_MODULES = YES;
				CLANG_ENABLE_OBJC_ARC = YES;
				CLANG_WARN_BOOL_CONVERSION = YES;
				CLANG_WARN_CONSTANT_CONVERSION = YES;
				CLANG_WARN_DIRECT_OBJC_ISA_USAGE = YES_ERROR;
				CLANG_WARN_DOCUMENTATION_COMMENTS = YES;
				CLANG_WARN_EMPTY_BODY = YES;
				CLANG_WARN_ENUM_CONVERSION = YES;
				CLANG_WARN_INFINITE_RECURSION = YES;
				CLANG_WARN_INT_CONVERSION = YES;
				CLANG_WARN_OBJC_ROOT_CLASS = YES_ERROR;
				CLANG_WARN_SUSPICIOUS_MOVE = YES;
				CLANG_WARN_UNREACHABLE_CODE = YES;
				CLANG_WARN__DUPLICATE_METHOD_MATCH = YES;
				"CODE_SIGN_IDENTITY[sdk=iphoneos*]" = "iPhone Developer";
				COPY_PHASE_STRIP = NO;
				DEBUG_INFORMATION_FORMAT = dwarf;
				ENABLE_STRICT_OBJC_MSGSEND = YES;
				ENABLE_TESTABILITY = YES;
				GCC_C_LANGUAGE_STANDARD = gnu99;
				GCC_DYNAMIC_NO_PIC = NO;
				GCC_NO_COMMON_BLOCKS = YES;
				GCC_OPTIMIZATION_LEVEL = 0;
				GCC_PREPROCESSOR_DEFINITIONS = (
					"DEBUG=1",
					"$(inherited)",
				);
				GCC_WARN_64_TO_32_BIT_CONVERSION = YES;
				GCC_WARN_ABOUT_RETURN_TYPE = YES_ERROR;
				GCC_WARN_UNDECLARED_SELECTOR = YES;
				GCC_WARN_UNINITIALIZED_AUTOS = YES_AGGRESSIVE;
				GCC_WARN_UNUSED_FUNCTION = YES;
				GCC_WARN_UNUSED_VARIABLE = YES;
				IPHONEOS_DEPLOYMENT_TARGET = 10.3;
				MTL_ENABLE_DEBUG_INFO = YES;
				ONLY_ACTIVE_ARCH = YES;
				SDKROOT = iphoneos;
				SWIFT_ACTIVE_COMPILATION_CONDITIONS = DEBUG;
				SWIFT_OPTIMIZATION_LEVEL = "-Onone";
			};
			name = Debug;
		};
		D489DF731F630AB500C65EA4 /* Release */ = {
			isa = XCBuildConfiguration;
			buildSettings = {
				ALWAYS_SEARCH_USER_PATHS = NO;
				CLANG_ANALYZER_NONNULL = YES;
				CLANG_ANALYZER_NUMBER_OBJECT_CONVERSION = YES_AGGRESSIVE;
				CLANG_CXX_LANGUAGE_STANDARD = "gnu++0x";
				CLANG_CXX_LIBRARY = "libc++";
				CLANG_ENABLE_MODULES = YES;
				CLANG_ENABLE_OBJC_ARC = YES;
				CLANG_WARN_BOOL_CONVERSION = YES;
				CLANG_WARN_CONSTANT_CONVERSION = YES;
				CLANG_WARN_DIRECT_OBJC_ISA_USAGE = YES_ERROR;
				CLANG_WARN_DOCUMENTATION_COMMENTS = YES;
				CLANG_WARN_EMPTY_BODY = YES;
				CLANG_WARN_ENUM_CONVERSION = YES;
				CLANG_WARN_INFINITE_RECURSION = YES;
				CLANG_WARN_INT_CONVERSION = YES;
				CLANG_WARN_OBJC_ROOT_CLASS = YES_ERROR;
				CLANG_WARN_SUSPICIOUS_MOVE = YES;
				CLANG_WARN_UNREACHABLE_CODE = YES;
				CLANG_WARN__DUPLICATE_METHOD_MATCH = YES;
				"CODE_SIGN_IDENTITY[sdk=iphoneos*]" = "iPhone Developer";
				COPY_PHASE_STRIP = NO;
				DEBUG_INFORMATION_FORMAT = "dwarf-with-dsym";
				ENABLE_NS_ASSERTIONS = NO;
				ENABLE_STRICT_OBJC_MSGSEND = YES;
				GCC_C_LANGUAGE_STANDARD = gnu99;
				GCC_NO_COMMON_BLOCKS = YES;
				GCC_WARN_64_TO_32_BIT_CONVERSION = YES;
				GCC_WARN_ABOUT_RETURN_TYPE = YES_ERROR;
				GCC_WARN_UNDECLARED_SELECTOR = YES;
				GCC_WARN_UNINITIALIZED_AUTOS = YES_AGGRESSIVE;
				GCC_WARN_UNUSED_FUNCTION = YES;
				GCC_WARN_UNUSED_VARIABLE = YES;
				IPHONEOS_DEPLOYMENT_TARGET = 10.3;
				MTL_ENABLE_DEBUG_INFO = NO;
				SDKROOT = iphoneos;
				SWIFT_OPTIMIZATION_LEVEL = "-Owholemodule";
				VALIDATE_PRODUCT = YES;
			};
			name = Release;
		};
		D489DF751F630AB500C65EA4 /* Debug */ = {
			isa = XCBuildConfiguration;
			buildSettings = {
				ASSETCATALOG_COMPILER_APPICON_NAME = AppIcon;
				INFOPLIST_FILE = "Permanent Data Storage/Info.plist";
				LD_RUNPATH_SEARCH_PATHS = "$(inherited) @executable_path/Frameworks";
				PRODUCT_BUNDLE_IDENTIFIER = "com.inotecinc.Permanent-Data-Storage";
				PRODUCT_NAME = "$(TARGET_NAME)";
				SWIFT_VERSION = 3.0;
			};
			name = Debug;
		};
		D489DF761F630AB500C65EA4 /* Release */ = {
			isa = XCBuildConfiguration;
			buildSettings = {
				ASSETCATALOG_COMPILER_APPICON_NAME = AppIcon;
				INFOPLIST_FILE = "Permanent Data Storage/Info.plist";
				LD_RUNPATH_SEARCH_PATHS = "$(inherited) @executable_path/Frameworks";
				PRODUCT_BUNDLE_IDENTIFIER = "com.inotecinc.Permanent-Data-Storage";
				PRODUCT_NAME = "$(TARGET_NAME)";
				SWIFT_VERSION = 3.0;
			};
			name = Release;
		};
/* End XCBuildConfiguration section */

/* Begin XCConfigurationList section */
		D489DF5D1F630AB500C65EA4 /* Build configuration list for PBXProject "Permanent Data Storage" */ = {
			isa = XCConfigurationList;
			buildConfigurations = (
				D489DF721F630AB500C65EA4 /* Debug */,
				D489DF731F630AB500C65EA4 /* Release */,
			);
			defaultConfigurationIsVisible = 0;
			defaultConfigurationName = Release;
		};
		D489DF741F630AB500C65EA4 /* Build configuration list for PBXNativeTarget "Permanent Data Storage" */ = {
			isa = XCConfigurationList;
			buildConfigurations = (
				D489DF751F630AB500C65EA4 /* Debug */,
				D489DF761F630AB500C65EA4 /* Release */,
			);
			defaultConfigurationIsVisible = 0;
		};
/* End XCConfigurationList section */
	};
	rootObject = D489DF5A1F630AB500C65EA4 /* Project object */;
}
