// !$*UTF8*$!
{
	archiveVersion = 1;
	classes = {
	};
	objectVersion = 46;
	objects = {

/* Begin PBXBuildFile section */
		D41D4B811F5EDCD4001700A7 /* AppDelegate.swift in Sources */ = {isa = PBXBuildFile; fileRef = D41D4B801F5EDCD4001700A7 /* AppDelegate.swift */; };
		D41D4B831F5EDCD4001700A7 /* ViewController.swift in Sources */ = {isa = PBXBuildFile; fileRef = D41D4B821F5EDCD4001700A7 /* ViewController.swift */; };
		D41D4B861F5EDCD4001700A7 /* Main.storyboard in Resources */ = {isa = PBXBuildFile; fileRef = D41D4B841F5EDCD4001700A7 /* Main.storyboard */; };
		D41D4B881F5EDCD4001700A7 /* Assets.xcassets in Resources */ = {isa = PBXBuildFile; fileRef = D41D4B871F5EDCD4001700A7 /* Assets.xcassets */; };
		D41D4B8B1F5EDCD4001700A7 /* LaunchScreen.storyboard in Resources */ = {isa = PBXBuildFile; fileRef = D41D4B891F5EDCD4001700A7 /* LaunchScreen.storyboard */; };
/* End PBXBuildFile section */

/* Begin PBXFileReference section */
		D41D4B7D1F5EDCD4001700A7 /* Is it Prime.app */ = {isa = PBXFileReference; explicitFileType = wrapper.application; includeInIndex = 0; path = "Is it Prime.app"; sourceTree = BUILT_PRODUCTS_DIR; };
		D41D4B801F5EDCD4001700A7 /* AppDelegate.swift */ = {isa = PBXFileReference; lastKnownFileType = sourcecode.swift; path = AppDelegate.swift; sourceTree = "<group>"; };
		D41D4B821F5EDCD4001700A7 /* ViewController.swift */ = {isa = PBXFileReference; lastKnownFileType = sourcecode.swift; path = ViewController.swift; sourceTree = "<group>"; };
		D41D4B851F5EDCD4001700A7 /* Base */ = {isa = PBXFileReference; lastKnownFileType = file.storyboard; name = Base; path = Base.lproj/Main.storyboard; sourceTree = "<group>"; };
		D41D4B871F5EDCD4001700A7 /* Assets.xcassets */ = {isa = PBXFileReference; lastKnownFileType = folder.assetcatalog; path = Assets.xcassets; sourceTree = "<group>"; };
		D41D4B8A1F5EDCD4001700A7 /* Base */ = {isa = PBXFileReference; lastKnownFileType = file.storyboard; name = Base; path = Base.lproj/LaunchScreen.storyboard; sourceTree = "<group>"; };
		D41D4B8C1F5EDCD4001700A7 /* Info.plist */ = {isa = PBXFileReference; lastKnownFileType = text.plist.xml; path = Info.plist; sourceTree = "<group>"; };
/* End PBXFileReference section */

/* Begin PBXFrameworksBuildPhase section */
		D41D4B7A1F5EDCD4001700A7 /* Frameworks */ = {
			isa = PBXFrameworksBuildPhase;
			buildActionMask = 2147483647;
			files = (
			);
			runOnlyForDeploymentPostprocessing = 0;
		};
/* End PBXFrameworksBuildPhase section */

/* Begin PBXGroup section */
		D41D4B741F5EDCD4001700A7 = {
			isa = PBXGroup;
			children = (
				D41D4B7F1F5EDCD4001700A7 /* Is it Prime */,
				D41D4B7E1F5EDCD4001700A7 /* Products */,
			);
			sourceTree = "<group>";
		};
		D41D4B7E1F5EDCD4001700A7 /* Products */ = {
			isa = PBXGroup;
			children = (
				D41D4B7D1F5EDCD4001700A7 /* Is it Prime.app */,
			);
			name = Products;
			sourceTree = "<group>";
		};
		D41D4B7F1F5EDCD4001700A7 /* Is it Prime */ = {
			isa = PBXGroup;
			children = (
				D41D4B801F5EDCD4001700A7 /* AppDelegate.swift */,
				D41D4B821F5EDCD4001700A7 /* ViewController.swift */,
				D41D4B841F5EDCD4001700A7 /* Main.storyboard */,
				D41D4B871F5EDCD4001700A7 /* Assets.xcassets */,
				D41D4B891F5EDCD4001700A7 /* LaunchScreen.storyboard */,
				D41D4B8C1F5EDCD4001700A7 /* Info.plist */,
			);
			path = "Is it Prime";
			sourceTree = "<group>";
		};
/* End PBXGroup section */

/* Begin PBXNativeTarget section */
		D41D4B7C1F5EDCD4001700A7 /* Is it Prime */ = {
			isa = PBXNativeTarget;
			buildConfigurationList = D41D4B8F1F5EDCD4001700A7 /* Build configuration list for PBXNativeTarget "Is it Prime" */;
			buildPhases = (
				D41D4B791F5EDCD4001700A7 /* Sources */,
				D41D4B7A1F5EDCD4001700A7 /* Frameworks */,
				D41D4B7B1F5EDCD4001700A7 /* Resources */,
			);
			buildRules = (
			);
			dependencies = (
			);
			name = "Is it Prime";
			productName = "Is it Prime";
			productReference = D41D4B7D1F5EDCD4001700A7 /* Is it Prime.app */;
			productType = "com.apple.product-type.application";
		};
/* End PBXNativeTarget section */

/* Begin PBXProject section */
		D41D4B751F5EDCD4001700A7 /* Project object */ = {
			isa = PBXProject;
			attributes = {
				LastSwiftUpdateCheck = 0830;
				LastUpgradeCheck = 0830;
				ORGANIZATIONNAME = Inotec;
				TargetAttributes = {
					D41D4B7C1F5EDCD4001700A7 = {
						CreatedOnToolsVersion = 8.3.3;
						ProvisioningStyle = Automatic;
					};
				};
			};
			buildConfigurationList = D41D4B781F5EDCD4001700A7 /* Build configuration list for PBXProject "Is it Prime" */;
			compatibilityVersion = "Xcode 3.2";
			developmentRegion = English;
			hasScannedForEncodings = 0;
			knownRegions = (
				en,
				Base,
			);
			mainGroup = D41D4B741F5EDCD4001700A7;
			productRefGroup = D41D4B7E1F5EDCD4001700A7 /* Products */;
			projectDirPath = "";
			projectRoot = "";
			targets = (
				D41D4B7C1F5EDCD4001700A7 /* Is it Prime */,
			);
		};
/* End PBXProject section */

/* Begin PBXResourcesBuildPhase section */
		D41D4B7B1F5EDCD4001700A7 /* Resources */ = {
			isa = PBXResourcesBuildPhase;
			buildActionMask = 2147483647;
			files = (
				D41D4B8B1F5EDCD4001700A7 /* LaunchScreen.storyboard in Resources */,
				D41D4B881F5EDCD4001700A7 /* Assets.xcassets in Resources */,
				D41D4B861F5EDCD4001700A7 /* Main.storyboard in Resources */,
			);
			runOnlyForDeploymentPostprocessing = 0;
		};
/* End PBXResourcesBuildPhase section */

/* Begin PBXSourcesBuildPhase section */
		D41D4B791F5EDCD4001700A7 /* Sources */ = {
			isa = PBXSourcesBuildPhase;
			buildActionMask = 2147483647;
			files = (
				D41D4B831F5EDCD4001700A7 /* ViewController.swift in Sources */,
				D41D4B811F5EDCD4001700A7 /* AppDelegate.swift in Sources */,
			);
			runOnlyForDeploymentPostprocessing = 0;
		};
/* End PBXSourcesBuildPhase section */

/* Begin PBXVariantGroup section */
		D41D4B841F5EDCD4001700A7 /* Main.storyboard */ = {
			isa = PBXVariantGroup;
			children = (
				D41D4B851F5EDCD4001700A7 /* Base */,
			);
			name = Main.storyboard;
			sourceTree = "<group>";
		};
		D41D4B891F5EDCD4001700A7 /* LaunchScreen.storyboard */ = {
			isa = PBXVariantGroup;
			children = (
				D41D4B8A1F5EDCD4001700A7 /* Base */,
			);
			name = LaunchScreen.storyboard;
			sourceTree = "<group>";
		};
/* End PBXVariantGroup section */

/* Begin XCBuildConfiguration section */
		D41D4B8D1F5EDCD4001700A7 /* Debug */ = {
			isa = XCBuildConfiguration;
			buildSettings = {
				ALWAYS_SEARCH_USER_PATHS = NO;
				CLANG_ANALYZER_NONNULL = YES;
				CLANG_ANALYZER_NUMBER_OBJECT_CONVERSION = YES_AGGRESSIVE;
				CLANG_CXX_LANGUAGE_STANDARD = "gnu++0x";
				CLANG_CXX_LIBRARY = "libc++";
				CLANG_ENABLE_MODULES = YES;
				CLANG_ENABLE_OBJC_ARC = YES;
				CLANG_WARN_BOOL_CONVERSION = YES;
				CLANG_WARN_CONSTANT_CONVERSION = YES;
				CLANG_WARN_DIRECT_OBJC_ISA_USAGE = YES_ERROR;
				CLANG_WARN_DOCUMENTATION_COMMENTS = YES;
				CLANG_WARN_EMPTY_BODY = YES;
				CLANG_WARN_ENUM_CONVERSION = YES;
				CLANG_WARN_INFINITE_RECURSION = YES;
				CLANG_WARN_INT_CONVERSION = YES;
				CLANG_WARN_OBJC_ROOT_CLASS = YES_ERROR;
				CLANG_WARN_SUSPICIOUS_MOVE = YES;
				CLANG_WARN_UNREACHABLE_CODE = YES;
				CLANG_WARN__DUPLICATE_METHOD_MATCH = YES;
				"CODE_SIGN_IDENTITY[sdk=iphoneos*]" = "iPhone Developer";
				COPY_PHASE_STRIP = NO;
				DEBUG_INFORMATION_FORMAT = dwarf;
				ENABLE_STRICT_OBJC_MSGSEND = YES;
				ENABLE_TESTABILITY = YES;
				GCC_C_LANGUAGE_STANDARD = gnu99;
				GCC_DYNAMIC_NO_PIC = NO;
				GCC_NO_COMMON_BLOCKS = YES;
				GCC_OPTIMIZATION_LEVEL = 0;
				GCC_PREPROCESSOR_DEFINITIONS = (
					"DEBUG=1",
					"$(inherited)",
				);
				GCC_WARN_64_TO_32_BIT_CONVERSION = YES;
				GCC_WARN_ABOUT_RETURN_TYPE = YES_ERROR;
				GCC_WARN_UNDECLARED_SELECTOR = YES;
				GCC_WARN_UNINITIALIZED_AUTOS = YES_AGGRESSIVE;
				GCC_WARN_UNUSED_FUNCTION = YES;
				GCC_WARN_UNUSED_VARIABLE = YES;
				IPHONEOS_DEPLOYMENT_TARGET = 10.3;
				MTL_ENABLE_DEBUG_INFO = YES;
				ONLY_ACTIVE_ARCH = YES;
				SDKROOT = iphoneos;
				SWIFT_ACTIVE_COMPILATION_CONDITIONS = DEBUG;
				SWIFT_OPTIMIZATION_LEVEL = "-Onone";
			};
			name = Debug;
		};
		D41D4B8E1F5EDCD4001700A7 /* Release */ = {
			isa = XCBuildConfiguration;
			buildSettings = {
				ALWAYS_SEARCH_USER_PATHS = NO;
				CLANG_ANALYZER_NONNULL = YES;
				CLANG_ANALYZER_NUMBER_OBJECT_CONVERSION = YES_AGGRESSIVE;
				CLANG_CXX_LANGUAGE_STANDARD = "gnu++0x";
				CLANG_CXX_LIBRARY = "libc++";
				CLANG_ENABLE_MODULES = YES;
				CLANG_ENABLE_OBJC_ARC = YES;
				CLANG_WARN_BOOL_CONVERSION = YES;
				CLANG_WARN_CONSTANT_CONVERSION = YES;
				CLANG_WARN_DIRECT_OBJC_ISA_USAGE = YES_ERROR;
				CLANG_WARN_DOCUMENTATION_COMMENTS = YES;
				CLANG_WARN_EMPTY_BODY = YES;
				CLANG_WARN_ENUM_CONVERSION = YES;
				CLANG_WARN_INFINITE_RECURSION = YES;
				CLANG_WARN_INT_CONVERSION = YES;
				CLANG_WARN_OBJC_ROOT_CLASS = YES_ERROR;
				CLANG_WARN_SUSPICIOUS_MOVE = YES;
				CLANG_WARN_UNREACHABLE_CODE = YES;
				CLANG_WARN__DUPLICATE_METHOD_MATCH = YES;
				"CODE_SIGN_IDENTITY[sdk=iphoneos*]" = "iPhone Developer";
				COPY_PHASE_STRIP = NO;
				DEBUG_INFORMATION_FORMAT = "dwarf-with-dsym";
				ENABLE_NS_ASSERTIONS = NO;
				ENABLE_STRICT_OBJC_MSGSEND = YES;
				GCC_C_LANGUAGE_STANDARD = gnu99;
				GCC_NO_COMMON_BLOCKS = YES;
				GCC_WARN_64_TO_32_BIT_CONVERSION = YES;
				GCC_WARN_ABOUT_RETURN_TYPE = YES_ERROR;
				GCC_WARN_UNDECLARED_SELECTOR = YES;
				GCC_WARN_UNINITIALIZED_AUTOS = YES_AGGRESSIVE;
				GCC_WARN_UNUSED_FUNCTION = YES;
				GCC_WARN_UNUSED_VARIABLE = YES;
				IPHONEOS_DEPLOYMENT_TARGET = 10.3;
				MTL_ENABLE_DEBUG_INFO = NO;
				SDKROOT = iphoneos;
				SWIFT_OPTIMIZATION_LEVEL = "-Owholemodule";
				VALIDATE_PRODUCT = YES;
			};
			name = Release;
		};
		D41D4B901F5EDCD4001700A7 /* Debug */ = {
			isa = XCBuildConfiguration;
			buildSettings = {
				ASSETCATALOG_COMPILER_APPICON_NAME = AppIcon;
				INFOPLIST_FILE = "Is it Prime/Info.plist";
				LD_RUNPATH_SEARCH_PATHS = "$(inherited) @executable_path/Frameworks";
				PRODUCT_BUNDLE_IDENTIFIER = "com.inotecinc.Is-it-Prime";
				PRODUCT_NAME = "$(TARGET_NAME)";
				SWIFT_VERSION = 3.0;
			};
			name = Debug;
		};
		D41D4B911F5EDCD4001700A7 /* Release */ = {
			isa = XCBuildConfiguration;
			buildSettings = {
				ASSETCATALOG_COMPILER_APPICON_NAME = AppIcon;
				INFOPLIST_FILE = "Is it Prime/Info.plist";
				LD_RUNPATH_SEARCH_PATHS = "$(inherited) @executable_path/Frameworks";
				PRODUCT_BUNDLE_IDENTIFIER = "com.inotecinc.Is-it-Prime";
				PRODUCT_NAME = "$(TARGET_NAME)";
				SWIFT_VERSION = 3.0;
			};
			name = Release;
		};
/* End XCBuildConfiguration section */

/* Begin XCConfigurationList section */
		D41D4B781F5EDCD4001700A7 /* Build configuration list for PBXProject "Is it Prime" */ = {
			isa = XCConfigurationList;
			buildConfigurations = (
				D41D4B8D1F5EDCD4001700A7 /* Debug */,
				D41D4B8E1F5EDCD4001700A7 /* Release */,
			);
			defaultConfigurationIsVisible = 0;
			defaultConfigurationName = Release;
		};
		D41D4B8F1F5EDCD4001700A7 /* Build configuration list for PBXNativeTarget "Is it Prime" */ = {
			isa = XCConfigurationList;
			buildConfigurations = (
				D41D4B901F5EDCD4001700A7 /* Debug */,
				D41D4B911F5EDCD4001700A7 /* Release */,
			);
			defaultConfigurationIsVisible = 0;
			defaultConfigurationName = Release;
		};
/* End XCConfigurationList section */
	};
	rootObject = D41D4B751F5EDCD4001700A7 /* Project object */;
}
